// !$*UTF8*$!
{
	archiveVersion = 1;
	classes = {
	};
	objectVersion = 50;
	objects = {

/* Begin PBXBuildFile section */
		E306DA56227C7A40002EF2A5 /* AppDelegate.swift in Sources */ = {isa = PBXBuildFile; fileRef = E306DA55227C7A40002EF2A5 /* AppDelegate.swift */; };
		E306DA58227C7A40002EF2A5 /* ViewController.swift in Sources */ = {isa = PBXBuildFile; fileRef = E306DA57227C7A40002EF2A5 /* ViewController.swift */; };
		E306DA5B227C7A40002EF2A5 /* Main.storyboard in Resources */ = {isa = PBXBuildFile; fileRef = E306DA59227C7A40002EF2A5 /* Main.storyboard */; };
		E306DA5D227C7A41002EF2A5 /* Assets.xcassets in Resources */ = {isa = PBXBuildFile; fileRef = E306DA5C227C7A41002EF2A5 /* Assets.xcassets */; };
		E306DA60227C7A41002EF2A5 /* LaunchScreen.storyboard in Resources */ = {isa = PBXBuildFile; fileRef = E306DA5E227C7A41002EF2A5 /* LaunchScreen.storyboard */; };
/* End PBXBuildFile section */

/* Begin PBXFileReference section */
		E306DA52227C7A40002EF2A5 /* TestQrCodeReadIos.app */ = {isa = PBXFileReference; explicitFileType = wrapper.application; includeInIndex = 0; path = TestQrCodeReadIos.app; sourceTree = BUILT_PRODUCTS_DIR; };
		E306DA55227C7A40002EF2A5 /* AppDelegate.swift */ = {isa = PBXFileReference; lastKnownFileType = sourcecode.swift; path = AppDelegate.swift; sourceTree = "<group>"; };
		E306DA57227C7A40002EF2A5 /* ViewController.swift */ = {isa = PBXFileReference; lastKnownFileType = sourcecode.swift; path = ViewController.swift; sourceTree = "<group>"; };
		E306DA5A227C7A40002EF2A5 /* Base */ = {isa = PBXFileReference; lastKnownFileType = file.storyboard; name = Base; path = Base.lproj/Main.storyboard; sourceTree = "<group>"; };
		E306DA5C227C7A41002EF2A5 /* Assets.xcassets */ = {isa = PBXFileReference; lastKnownFileType = folder.assetcatalog; path = Assets.xcassets; sourceTree = "<group>"; };
		E306DA5F227C7A41002EF2A5 /* Base */ = {isa = PBXFileReference; lastKnownFileType = file.storyboard; name = Base; path = Base.lproj/LaunchScreen.storyboard; sourceTree = "<group>"; };
		E306DA61227C7A41002EF2A5 /* Info.plist */ = {isa = PBXFileReference; lastKnownFileType = text.plist.xml; path = Info.plist; sourceTree = "<group>"; };
/* End PBXFileReference section */

/* Begin PBXFrameworksBuildPhase section */
		E306DA4F227C7A40002EF2A5 /* Frameworks */ = {
			isa = PBXFrameworksBuildPhase;
			buildActionMask = 2147483647;
			files = (
			);
			runOnlyForDeploymentPostprocessing = 0;
		};
/* End PBXFrameworksBuildPhase section */

/* Begin PBXGroup section */
		E306DA49227C7A40002EF2A5 = {
			isa = PBXGroup;
			children = (
				E306DA54227C7A40002EF2A5 /* TestQrCodeReadIos */,
				E306DA53227C7A40002EF2A5 /* Products */,
			);
			sourceTree = "<group>";
		};
		E306DA53227C7A40002EF2A5 /* Products */ = {
			isa = PBXGroup;
			children = (
				E306DA52227C7A40002EF2A5 /* TestQrCodeReadIos.app */,
			);
			name = Products;
			sourceTree = "<group>";
		};
		E306DA54227C7A40002EF2A5 /* TestQrCodeReadIos */ = {
			isa = PBXGroup;
			children = (
				E306DA55227C7A40002EF2A5 /* AppDelegate.swift */,
				E306DA57227C7A40002EF2A5 /* ViewController.swift */,
				E306DA59227C7A40002EF2A5 /* Main.storyboard */,
				E306DA5C227C7A41002EF2A5 /* Assets.xcassets */,
				E306DA5E227C7A41002EF2A5 /* LaunchScreen.storyboard */,
				E306DA61227C7A41002EF2A5 /* Info.plist */,
			);
			path = TestQrCodeReadIos;
			sourceTree = "<group>";
		};
/* End PBXGroup section */

/* Begin PBXNativeTarget section */
		E306DA51227C7A40002EF2A5 /* TestQrCodeReadIos */ = {
			isa = PBXNativeTarget;
			buildConfigurationList = E306DA64227C7A41002EF2A5 /* Build configuration list for PBXNativeTarget "TestQrCodeReadIos" */;
			buildPhases = (
				E306DA4E227C7A40002EF2A5 /* Sources */,
				E306DA4F227C7A40002EF2A5 /* Frameworks */,
				E306DA50227C7A40002EF2A5 /* Resources */,
			);
			buildRules = (
			);
			dependencies = (
			);
			name = TestQrCodeReadIos;
			productName = TestQrCodeReadIos;
			productReference = E306DA52227C7A40002EF2A5 /* TestQrCodeReadIos.app */;
			productType = "com.apple.product-type.application";
		};
/* End PBXNativeTarget section */

/* Begin PBXProject section */
		E306DA4A227C7A40002EF2A5 /* Project object */ = {
			isa = PBXProject;
			attributes = {
				LastSwiftUpdateCheck = 1020;
				LastUpgradeCheck = 1020;
				ORGANIZATIONNAME = "Vitalii Koretskyi";
				TargetAttributes = {
					E306DA51227C7A40002EF2A5 = {
						CreatedOnToolsVersion = 10.2.1;
					};
				};
			};
			buildConfigurationList = E306DA4D227C7A40002EF2A5 /* Build configuration list for PBXProject "TestQrCodeReadIos" */;
			compatibilityVersion = "Xcode 9.3";
			developmentRegion = en;
			hasScannedForEncodings = 0;
			knownRegions = (
				en,
				Base,
			);
			mainGroup = E306DA49227C7A40002EF2A5;
			productRefGroup = E306DA53227C7A40002EF2A5 /* Products */;
			projectDirPath = "";
			projectRoot = "";
			targets = (
				E306DA51227C7A40002EF2A5 /* TestQrCodeReadIos */,
			);
		};
/* End PBXProject section */

/* Begin PBXResourcesBuildPhase section */
		E306DA50227C7A40002EF2A5 /* Resources */ = {
			isa = PBXResourcesBuildPhase;
			buildActionMask = 2147483647;
			files = (
				E306DA60227C7A41002EF2A5 /* LaunchScreen.storyboard in Resources */,
				E306DA5D227C7A41002EF2A5 /* Assets.xcassets in Resources */,
				E306DA5B227C7A40002EF2A5 /* Main.storyboard in Resources */,
			);
			runOnlyForDeploymentPostprocessing = 0;
		};
/* End PBXResourcesBuildPhase section */

/* Begin PBXSourcesBuildPhase section */
		E306DA4E227C7A40002EF2A5 /* Sources */ = {
			isa = PBXSourcesBuildPhase;
			buildActionMask = 2147483647;
			files = (
				E306DA58227C7A40002EF2A5 /* ViewController.swift in Sources */,
				E306DA56227C7A40002EF2A5 /* AppDelegate.swift in Sources */,
			);
			runOnlyForDeploymentPostprocessing = 0;
		};
/* End PBXSourcesBuildPhase section */

/* Begin PBXVariantGroup section */
		E306DA59227C7A40002EF2A5 /* Main.storyboard */ = {
			isa = PBXVariantGroup;
			children = (
				E306DA5A227C7A40002EF2A5 /* Base */,
			);
			name = Main.storyboard;
			sourceTree = "<group>";
		};
		E306DA5E227C7A41002EF2A5 /* LaunchScreen.storyboard */ = {
			isa = PBXVariantGroup;
			children = (
				E306DA5F227C7A41002EF2A5 /* Base */,
			);
			name = LaunchScreen.storyboard;
			sourceTree = "<group>";
		};
/* End PBXVariantGroup section */

/* Begin XCBuildConfiguration section */
		E306DA62227C7A41002EF2A5 /* Debug */ = {
			isa = XCBuildConfiguration;
			buildSettings = {
				ALWAYS_SEARCH_USER_PATHS = NO;
				CLANG_ANALYZER_NONNULL = YES;
				CLANG_ANALYZER_NUMBER_OBJECT_CONVERSION = YES_AGGRESSIVE;
				CLANG_CXX_LANGUAGE_STANDARD = "gnu++14";
				CLANG_CXX_LIBRARY = "libc++";
				CLANG_ENABLE_MODULES = YES;
				CLANG_ENABLE_OBJC_ARC = YES;
				CLANG_ENABLE_OBJC_WEAK = YES;
				CLANG_WARN_BLOCK_CAPTURE_AUTORELEASING = YES;
				CLANG_WARN_BOOL_CONVERSION = YES;
				CLANG_WARN_COMMA = YES;
				CLANG_WARN_CONSTANT_CONVERSION = YES;
				CLANG_WARN_DEPRECATED_OBJC_IMPLEMENTATIONS = YES;
				CLANG_WARN_DIRECT_OBJC_ISA_USAGE = YES_ERROR;
				CLANG_WARN_DOCUMENTATION_COMMENTS = YES;
				CLANG_WARN_EMPTY_BODY = YES;
				CLANG_WARN_ENUM_CONVERSION = YES;
				CLANG_WARN_INFINITE_RECURSION = YES;
				CLANG_WARN_INT_CONVERSION = YES;
				CLANG_WARN_NON_LITERAL_NULL_CONVERSION = YES;
				CLANG_WARN_OBJC_IMPLICIT_RETAIN_SELF = YES;
				CLANG_WARN_OBJC_LITERAL_CONVERSION = YES;
				CLANG_WARN_OBJC_ROOT_CLASS = YES_ERROR;
				CLANG_WARN_RANGE_LOOP_ANALYSIS = YES;
				CLANG_WARN_STRICT_PROTOTYPES = YES;
				CLANG_WARN_SUSPICIOUS_MOVE = YES;
				CLANG_WARN_UNGUARDED_AVAILABILITY = YES_AGGRESSIVE;
				CLANG_WARN_UNREACHABLE_CODE = YES;
				CLANG_WARN__DUPLICATE_METHOD_MATCH = YES;
				CODE_SIGN_IDENTITY = "iPhone Developer";
				COPY_PHASE_STRIP = NO;
				DEBUG_INFORMATION_FORMAT = dwarf;
				ENABLE_STRICT_OBJC_MSGSEND = YES;
				ENABLE_TESTABILITY = YES;
				GCC_C_LANGUAGE_STANDARD = gnu11;
				GCC_DYNAMIC_NO_PIC = NO;
				GCC_NO_COMMON_BLOCKS = YES;
				GCC_OPTIMIZATION_LEVEL = 0;
				GCC_PREPROCESSOR_DEFINITIONS = (
					"DEBUG=1",
					"$(inherited)",
				);
				GCC_WARN_64_TO_32_BIT_CONVERSION = YES;
				GCC_WARN_ABOUT_RETURN_TYPE = YES_ERROR;
				GCC_WARN_UNDECLARED_SELECTOR = YES;
				GCC_WARN_UNINITIALIZED_AUTOS = YES_AGGRESSIVE;
				GCC_WARN_UNUSED_FUNCTION = YES;
				GCC_WARN_UNUSED_VARIABLE = YES;
				IPHONEOS_DEPLOYMENT_TARGET = 12.2;
				MTL_ENABLE_DEBUG_INFO = INCLUDE_SOURCE;
				MTL_FAST_MATH = YES;
				ONLY_ACTIVE_ARCH = YES;
				SDKROOT = iphoneos;
				SWIFT_ACTIVE_COMPILATION_CONDITIONS = DEBUG;
				SWIFT_OPTIMIZATION_LEVEL = "-Onone";
			};
			name = Debug;
		};
		E306DA63227C7A41002EF2A5 /* Release */ = {
			isa = XCBuildConfiguration;
			buildSettings = {
				ALWAYS_SEARCH_USER_PATHS = NO;
				CLANG_ANALYZER_NONNULL = YES;
				CLANG_ANALYZER_NUMBER_OBJECT_CONVERSION = YES_AGGRESSIVE;
				CLANG_CXX_LANGUAGE_STANDARD = "gnu++14";
				CLANG_CXX_LIBRARY = "libc++";
				CLANG_ENABLE_MODULES = YES;
				CLANG_ENABLE_OBJC_ARC = YES;
				CLANG_ENABLE_OBJC_WEAK = YES;
				CLANG_WARN_BLOCK_CAPTURE_AUTORELEASING = YES;
				CLANG_WARN_BOOL_CONVERSION = YES;
				CLANG_WARN_COMMA = YES;
				CLANG_WARN_CONSTANT_CONVERSION = YES;
				CLANG_WARN_DEPRECATED_OBJC_IMPLEMENTATIONS = YES;
				CLANG_WARN_DIRECT_OBJC_ISA_USAGE = YES_ERROR;
				CLANG_WARN_DOCUMENTATION_COMMENTS = YES;
				CLANG_WARN_EMPTY_BODY = YES;
				CLANG_WARN_ENUM_CONVERSION = YES;
				CLANG_WARN_INFINITE_RECURSION = YES;
				CLANG_WARN_INT_CONVERSION = YES;
				CLANG_WARN_NON_LITERAL_NULL_CONVERSION = YES;
				CLANG_WARN_OBJC_IMPLICIT_RETAIN_SELF = YES;
				CLANG_WARN_OBJC_LITERAL_CONVERSION = YES;
				CLANG_WARN_OBJC_ROOT_CLASS = YES_ERROR;
				CLANG_WARN_RANGE_LOOP_ANALYSIS = YES;
				CLANG_WARN_STRICT_PROTOTYPES = YES;
				CLANG_WARN_SUSPICIOUS_MOVE = YES;
				CLANG_WARN_UNGUARDED_AVAILABILITY = YES_AGGRESSIVE;
				CLANG_WARN_UNREACHABLE_CODE = YES;
				CLANG_WARN__DUPLICATE_METHOD_MATCH = YES;
				CODE_SIGN_IDENTITY = "iPhone Developer";
				COPY_PHASE_STRIP = NO;
				DEBUG_INFORMATION_FORMAT = "dwarf-with-dsym";
				ENABLE_NS_ASSERTIONS = NO;
				ENABLE_STRICT_OBJC_MSGSEND = YES;
				GCC_C_LANGUAGE_STANDARD = gnu11;
				GCC_NO_COMMON_BLOCKS = YES;
				GCC_WARN_64_TO_32_BIT_CONVERSION = YES;
				GCC_WARN_ABOUT_RETURN_TYPE = YES_ERROR;
				GCC_WARN_UNDECLARED_SELECTOR = YES;
				GCC_WARN_UNINITIALIZED_AUTOS = YES_AGGRESSIVE;
				GCC_WARN_UNUSED_FUNCTION = YES;
				GCC_WARN_UNUSED_VARIABLE = YES;
				IPHONEOS_DEPLOYMENT_TARGET = 12.2;
				MTL_ENABLE_DEBUG_INFO = NO;
				MTL_FAST_MATH = YES;
				SDKROOT = iphoneos;
				SWIFT_COMPILATION_MODE = wholemodule;
				SWIFT_OPTIMIZATION_LEVEL = "-O";
				VALIDATE_PRODUCT = YES;
			};
			name = Release;
		};
		E306DA65227C7A41002EF2A5 /* Debug */ = {
			isa = XCBuildConfiguration;
			buildSettings = {
				ASSETCATALOG_COMPILER_APPICON_NAME = AppIcon;
				CODE_SIGN_STYLE = Automatic;
				DEVELOPMENT_TEAM = D6BHCFT8R2;
				INFOPLIST_FILE = TestQrCodeReadIos/Info.plist;
				LD_RUNPATH_SEARCH_PATHS = (
					"$(inherited)",
					"@executable_path/Frameworks",
				);
				PRODUCT_BUNDLE_IDENTIFIER = won.TestQrCodeReadIos;
				PRODUCT_NAME = "$(TARGET_NAME)";
				SWIFT_VERSION = 5.0;
				TARGETED_DEVICE_FAMILY = "1,2";
			};
			name = Debug;
		};
		E306DA66227C7A41002EF2A5 /* Release */ = {
			isa = XCBuildConfiguration;
			buildSettings = {
				ASSETCATALOG_COMPILER_APPICON_NAME = AppIcon;
				CODE_SIGN_STYLE = Automatic;
				DEVELOPMENT_TEAM = D6BHCFT8R2;
				INFOPLIST_FILE = TestQrCodeReadIos/Info.plist;
				LD_RUNPATH_SEARCH_PATHS = (
					"$(inherited)",
					"@executable_path/Frameworks",
				);
				PRODUCT_BUNDLE_IDENTIFIER = won.TestQrCodeReadIos;
				PRODUCT_NAME = "$(TARGET_NAME)";
				SWIFT_VERSION = 5.0;
				TARGETED_DEVICE_FAMILY = "1,2";
			};
			name = Release;
		};
/* End XCBuildConfiguration section */

/* Begin XCConfigurationList section */
		E306DA4D227C7A40002EF2A5 /* Build configuration list for PBXProject "TestQrCodeReadIos" */ = {
			isa = XCConfigurationList;
			buildConfigurations = (
				E306DA62227C7A41002EF2A5 /* Debug */,
				E306DA63227C7A41002EF2A5 /* Release */,
			);
			defaultConfigurationIsVisible = 0;
			defaultConfigurationName = Release;
		};
		E306DA64227C7A41002EF2A5 /* Build configuration list for PBXNativeTarget "TestQrCodeReadIos" */ = {
			isa = XCConfigurationList;
			buildConfigurations = (
				E306DA65227C7A41002EF2A5 /* Debug */,
				E306DA66227C7A41002EF2A5 /* Release */,
			);
			defaultConfigurationIsVisible = 0;
			defaultConfigurationName = Release;
		};
/* End XCConfigurationList section */
	};
	rootObject = E306DA4A227C7A40002EF2A5 /* Project object */;
}
